
Microsoft Visual Studio Solution File, Format Version 12.00
# Visual Studio 15
VisualStudioVersion = 15.0.28010.2048
MinimumVisualStudioVersion = 10.0.40219.1
Project("{FAE04EC0-301F-11D3-BF4B-00C04F79EFBC}") = "18092019_Food_Exam", "18092019_Food_Exam\18092019_Food_Exam.csproj", "{501DB858-ED20-432C-9D8F-29D373C663D9}"
EndProject
Project("{FAE04EC0-301F-11D3-BF4B-00C04F79EFBC}") = "MyFood", "MyFood\MyFood.csproj", "{0F97D24A-EB15-4DB5-9F4E-525D5573ED09}"
EndProject
Global
	GlobalSection(SolutionConfigurationPlatforms) = preSolution
		Debug|Any CPU = Debug|Any CPU
		Release|Any CPU = Release|Any CPU
	EndGlobalSection
	GlobalSection(ProjectConfigurationPlatforms) = postSolution
		{501DB858-ED20-432C-9D8F-29D373C663D9}.Debug|Any CPU.ActiveCfg = Debug|Any CPU
		{501DB858-ED20-432C-9D8F-29D373C663D9}.Debug|Any CPU.Build.0 = Debug|Any CPU
		{501DB858-ED20-432C-9D8F-29D373C663D9}.Release|Any CPU.ActiveCfg = Release|Any CPU
		{501DB858-ED20-432C-9D8F-29D373C663D9}.Release|Any CPU.Build.0 = Release|Any CPU
		{0F97D24A-EB15-4DB5-9F4E-525D5573ED09}.Debug|Any CPU.ActiveCfg = Debug|Any CPU
		{0F97D24A-EB15-4DB5-9F4E-525D5573ED09}.Debug|Any CPU.Build.0 = Debug|Any CPU
		{0F97D24A-EB15-4DB5-9F4E-525D5573ED09}.Release|Any CPU.ActiveCfg = Release|Any CPU
		{0F97D24A-EB15-4DB5-9F4E-525D5573ED09}.Release|Any CPU.Build.0 = Release|Any CPU
	EndGlobalSection
	GlobalSection(SolutionProperties) = preSolution
		HideSolutionNode = FALSE
	EndGlobalSection
	GlobalSection(ExtensibilityGlobals) = postSolution
		SolutionGuid = {FC5E0C99-8ADE-4410-A98A-EC195C944A0B}
	EndGlobalSection
EndGlobal
